// !$*UTF8*$!
{
	archiveVersion = 1;
	classes = {
	};
	objectVersion = 48;
	objects = {

/* Begin PBXBuildFile section */
		31CBFCC920215BBF00071D87 /* AppDelegate.swift in Sources */ = {isa = PBXBuildFile; fileRef = 31CBFCC820215BBF00071D87 /* AppDelegate.swift */; };
		31CBFCCB20215BBF00071D87 /* ViewController.swift in Sources */ = {isa = PBXBuildFile; fileRef = 31CBFCCA20215BBF00071D87 /* ViewController.swift */; };
		31CBFCCE20215BBF00071D87 /* Main.storyboard in Resources */ = {isa = PBXBuildFile; fileRef = 31CBFCCC20215BBF00071D87 /* Main.storyboard */; };
		31CBFCD020215BBF00071D87 /* Assets.xcassets in Resources */ = {isa = PBXBuildFile; fileRef = 31CBFCCF20215BBF00071D87 /* Assets.xcassets */; };
		31CBFCD320215BBF00071D87 /* LaunchScreen.storyboard in Resources */ = {isa = PBXBuildFile; fileRef = 31CBFCD120215BBF00071D87 /* LaunchScreen.storyboard */; };
		31CBFCDE20215BBF00071D87 /* XYChartsTests.swift in Sources */ = {isa = PBXBuildFile; fileRef = 31CBFCDD20215BBF00071D87 /* XYChartsTests.swift */; };
		31CBFCE920215BBF00071D87 /* XYChartsUITests.swift in Sources */ = {isa = PBXBuildFile; fileRef = 31CBFCE820215BBF00071D87 /* XYChartsUITests.swift */; };
		31CBFCF72022AD7F00071D87 /* BaseProtocol.swift in Sources */ = {isa = PBXBuildFile; fileRef = 31CBFCF62022AD7F00071D87 /* BaseProtocol.swift */; };
		B736C623671FDB936A88B3F3 /* Pods_XYCharts.framework in Frameworks */ = {isa = PBXBuildFile; fileRef = E2D5DB012083A854E6BC1CFC /* Pods_XYCharts.framework */; };
/* End PBXBuildFile section */

/* Begin PBXContainerItemProxy section */
		31CBFCDA20215BBF00071D87 /* PBXContainerItemProxy */ = {
			isa = PBXContainerItemProxy;
			containerPortal = 31CBFCBD20215BBF00071D87 /* Project object */;
			proxyType = 1;
			remoteGlobalIDString = 31CBFCC420215BBF00071D87;
			remoteInfo = XYCharts;
		};
		31CBFCE520215BBF00071D87 /* PBXContainerItemProxy */ = {
			isa = PBXContainerItemProxy;
			containerPortal = 31CBFCBD20215BBF00071D87 /* Project object */;
			proxyType = 1;
			remoteGlobalIDString = 31CBFCC420215BBF00071D87;
			remoteInfo = XYCharts;
		};
/* End PBXContainerItemProxy section */

/* Begin PBXFileReference section */
		31CBFCC520215BBF00071D87 /* XYCharts.app */ = {isa = PBXFileReference; explicitFileType = wrapper.application; includeInIndex = 0; path = XYCharts.app; sourceTree = BUILT_PRODUCTS_DIR; };
		31CBFCC820215BBF00071D87 /* AppDelegate.swift */ = {isa = PBXFileReference; lastKnownFileType = sourcecode.swift; path = AppDelegate.swift; sourceTree = "<group>"; };
		31CBFCCA20215BBF00071D87 /* ViewController.swift */ = {isa = PBXFileReference; lastKnownFileType = sourcecode.swift; path = ViewController.swift; sourceTree = "<group>"; };
		31CBFCCD20215BBF00071D87 /* Base */ = {isa = PBXFileReference; lastKnownFileType = file.storyboard; name = Base; path = Base.lproj/Main.storyboard; sourceTree = "<group>"; };
		31CBFCCF20215BBF00071D87 /* Assets.xcassets */ = {isa = PBXFileReference; lastKnownFileType = folder.assetcatalog; path = Assets.xcassets; sourceTree = "<group>"; };
		31CBFCD220215BBF00071D87 /* Base */ = {isa = PBXFileReference; lastKnownFileType = file.storyboard; name = Base; path = Base.lproj/LaunchScreen.storyboard; sourceTree = "<group>"; };
		31CBFCD420215BBF00071D87 /* Info.plist */ = {isa = PBXFileReference; lastKnownFileType = text.plist.xml; path = Info.plist; sourceTree = "<group>"; };
		31CBFCD920215BBF00071D87 /* XYChartsTests.xctest */ = {isa = PBXFileReference; explicitFileType = wrapper.cfbundle; includeInIndex = 0; path = XYChartsTests.xctest; sourceTree = BUILT_PRODUCTS_DIR; };
		31CBFCDD20215BBF00071D87 /* XYChartsTests.swift */ = {isa = PBXFileReference; lastKnownFileType = sourcecode.swift; path = XYChartsTests.swift; sourceTree = "<group>"; };
		31CBFCDF20215BBF00071D87 /* Info.plist */ = {isa = PBXFileReference; lastKnownFileType = text.plist.xml; path = Info.plist; sourceTree = "<group>"; };
		31CBFCE420215BBF00071D87 /* XYChartsUITests.xctest */ = {isa = PBXFileReference; explicitFileType = wrapper.cfbundle; includeInIndex = 0; path = XYChartsUITests.xctest; sourceTree = BUILT_PRODUCTS_DIR; };
		31CBFCE820215BBF00071D87 /* XYChartsUITests.swift */ = {isa = PBXFileReference; lastKnownFileType = sourcecode.swift; path = XYChartsUITests.swift; sourceTree = "<group>"; };
		31CBFCEA20215BBF00071D87 /* Info.plist */ = {isa = PBXFileReference; lastKnownFileType = text.plist.xml; path = Info.plist; sourceTree = "<group>"; };
		31CBFCF62022AD7F00071D87 /* BaseProtocol.swift */ = {isa = PBXFileReference; lastKnownFileType = sourcecode.swift; path = BaseProtocol.swift; sourceTree = "<group>"; };
		4CFB3A82C9ABB514FB6B3497 /* Pods-XYCharts.release.xcconfig */ = {isa = PBXFileReference; includeInIndex = 1; lastKnownFileType = text.xcconfig; name = "Pods-XYCharts.release.xcconfig"; path = "Pods/Target Support Files/Pods-XYCharts/Pods-XYCharts.release.xcconfig"; sourceTree = "<group>"; };
		A59E6BF2E7F5ADBB00C418D5 /* Pods-XYCharts.debug.xcconfig */ = {isa = PBXFileReference; includeInIndex = 1; lastKnownFileType = text.xcconfig; name = "Pods-XYCharts.debug.xcconfig"; path = "Pods/Target Support Files/Pods-XYCharts/Pods-XYCharts.debug.xcconfig"; sourceTree = "<group>"; };
		E2D5DB012083A854E6BC1CFC /* Pods_XYCharts.framework */ = {isa = PBXFileReference; explicitFileType = wrapper.framework; includeInIndex = 0; path = Pods_XYCharts.framework; sourceTree = BUILT_PRODUCTS_DIR; };
/* End PBXFileReference section */

/* Begin PBXFrameworksBuildPhase section */
		31CBFCC220215BBF00071D87 /* Frameworks */ = {
			isa = PBXFrameworksBuildPhase;
			buildActionMask = 2147483647;
			files = (
				B736C623671FDB936A88B3F3 /* Pods_XYCharts.framework in Frameworks */,
			);
			runOnlyForDeploymentPostprocessing = 0;
		};
		31CBFCD620215BBF00071D87 /* Frameworks */ = {
			isa = PBXFrameworksBuildPhase;
			buildActionMask = 2147483647;
			files = (
			);
			runOnlyForDeploymentPostprocessing = 0;
		};
		31CBFCE120215BBF00071D87 /* Frameworks */ = {
			isa = PBXFrameworksBuildPhase;
			buildActionMask = 2147483647;
			files = (
			);
			runOnlyForDeploymentPostprocessing = 0;
		};
/* End PBXFrameworksBuildPhase section */

/* Begin PBXGroup section */
		31CBFCBC20215BBF00071D87 = {
			isa = PBXGroup;
			children = (
				31CBFCC720215BBF00071D87 /* XYCharts */,
				31CBFCDC20215BBF00071D87 /* XYChartsTests */,
				31CBFCE720215BBF00071D87 /* XYChartsUITests */,
				31CBFCC620215BBF00071D87 /* Products */,
				F1878E18288A8F57F4DDF279 /* Pods */,
				5B88BF001715C55D6AFE8FA3 /* Frameworks */,
			);
			sourceTree = "<group>";
		};
		31CBFCC620215BBF00071D87 /* Products */ = {
			isa = PBXGroup;
			children = (
				31CBFCC520215BBF00071D87 /* XYCharts.app */,
				31CBFCD920215BBF00071D87 /* XYChartsTests.xctest */,
				31CBFCE420215BBF00071D87 /* XYChartsUITests.xctest */,
			);
			name = Products;
			sourceTree = "<group>";
		};
		31CBFCC720215BBF00071D87 /* XYCharts */ = {
			isa = PBXGroup;
			children = (
				31CBFCC820215BBF00071D87 /* AppDelegate.swift */,
				31CBFCCA20215BBF00071D87 /* ViewController.swift */,
				31CBFCF62022AD7F00071D87 /* BaseProtocol.swift */,
				31CBFCCC20215BBF00071D87 /* Main.storyboard */,
				31CBFCCF20215BBF00071D87 /* Assets.xcassets */,
				31CBFCD120215BBF00071D87 /* LaunchScreen.storyboard */,
				31CBFCD420215BBF00071D87 /* Info.plist */,
			);
			path = XYCharts;
			sourceTree = "<group>";
		};
		31CBFCDC20215BBF00071D87 /* XYChartsTests */ = {
			isa = PBXGroup;
			children = (
				31CBFCDD20215BBF00071D87 /* XYChartsTests.swift */,
				31CBFCDF20215BBF00071D87 /* Info.plist */,
			);
			path = XYChartsTests;
			sourceTree = "<group>";
		};
		31CBFCE720215BBF00071D87 /* XYChartsUITests */ = {
			isa = PBXGroup;
			children = (
				31CBFCE820215BBF00071D87 /* XYChartsUITests.swift */,
				31CBFCEA20215BBF00071D87 /* Info.plist */,
			);
			path = XYChartsUITests;
			sourceTree = "<group>";
		};
		5B88BF001715C55D6AFE8FA3 /* Frameworks */ = {
			isa = PBXGroup;
			children = (
				E2D5DB012083A854E6BC1CFC /* Pods_XYCharts.framework */,
			);
			name = Frameworks;
			sourceTree = "<group>";
		};
		F1878E18288A8F57F4DDF279 /* Pods */ = {
			isa = PBXGroup;
			children = (
				A59E6BF2E7F5ADBB00C418D5 /* Pods-XYCharts.debug.xcconfig */,
				4CFB3A82C9ABB514FB6B3497 /* Pods-XYCharts.release.xcconfig */,
			);
			name = Pods;
			sourceTree = "<group>";
		};
/* End PBXGroup section */

/* Begin PBXNativeTarget section */
		31CBFCC420215BBF00071D87 /* XYCharts */ = {
			isa = PBXNativeTarget;
			buildConfigurationList = 31CBFCED20215BBF00071D87 /* Build configuration list for PBXNativeTarget "XYCharts" */;
			buildPhases = (
				BF3A5A9CFE16C080771E3691 /* [CP] Check Pods Manifest.lock */,
				31CBFCC120215BBF00071D87 /* Sources */,
				31CBFCC220215BBF00071D87 /* Frameworks */,
				31CBFCC320215BBF00071D87 /* Resources */,
				D807F96A4E6074F2192B8FBD /* [CP] Embed Pods Frameworks */,
				631509B02B1AF9077BB4BD12 /* [CP] Copy Pods Resources */,
			);
			buildRules = (
			);
			dependencies = (
			);
			name = XYCharts;
			productName = XYCharts;
			productReference = 31CBFCC520215BBF00071D87 /* XYCharts.app */;
			productType = "com.apple.product-type.application";
		};
		31CBFCD820215BBF00071D87 /* XYChartsTests */ = {
			isa = PBXNativeTarget;
			buildConfigurationList = 31CBFCF020215BBF00071D87 /* Build configuration list for PBXNativeTarget "XYChartsTests" */;
			buildPhases = (
				31CBFCD520215BBF00071D87 /* Sources */,
				31CBFCD620215BBF00071D87 /* Frameworks */,
				31CBFCD720215BBF00071D87 /* Resources */,
			);
			buildRules = (
			);
			dependencies = (
				31CBFCDB20215BBF00071D87 /* PBXTargetDependency */,
			);
			name = XYChartsTests;
			productName = XYChartsTests;
			productReference = 31CBFCD920215BBF00071D87 /* XYChartsTests.xctest */;
			productType = "com.apple.product-type.bundle.unit-test";
		};
		31CBFCE320215BBF00071D87 /* XYChartsUITests */ = {
			isa = PBXNativeTarget;
			buildConfigurationList = 31CBFCF320215BBF00071D87 /* Build configuration list for PBXNativeTarget "XYChartsUITests" */;
			buildPhases = (
				31CBFCE020215BBF00071D87 /* Sources */,
				31CBFCE120215BBF00071D87 /* Frameworks */,
				31CBFCE220215BBF00071D87 /* Resources */,
			);
			buildRules = (
			);
			dependencies = (
				31CBFCE620215BBF00071D87 /* PBXTargetDependency */,
			);
			name = XYChartsUITests;
			productName = XYChartsUITests;
			productReference = 31CBFCE420215BBF00071D87 /* XYChartsUITests.xctest */;
			productType = "com.apple.product-type.bundle.ui-testing";
		};
/* End PBXNativeTarget section */

/* Begin PBXProject section */
		31CBFCBD20215BBF00071D87 /* Project object */ = {
			isa = PBXProject;
			attributes = {
				LastSwiftUpdateCheck = 0920;
				LastUpgradeCheck = 0920;
				ORGANIZATIONNAME = "岁变";
				TargetAttributes = {
					31CBFCC420215BBF00071D87 = {
						CreatedOnToolsVersion = 9.2;
						ProvisioningStyle = Automatic;
					};
					31CBFCD820215BBF00071D87 = {
						CreatedOnToolsVersion = 9.2;
						ProvisioningStyle = Automatic;
						TestTargetID = 31CBFCC420215BBF00071D87;
					};
					31CBFCE320215BBF00071D87 = {
						CreatedOnToolsVersion = 9.2;
						ProvisioningStyle = Automatic;
						TestTargetID = 31CBFCC420215BBF00071D87;
					};
				};
			};
			buildConfigurationList = 31CBFCC020215BBF00071D87 /* Build configuration list for PBXProject "XYCharts" */;
			compatibilityVersion = "Xcode 8.0";
			developmentRegion = en;
			hasScannedForEncodings = 0;
			knownRegions = (
				en,
				Base,
			);
			mainGroup = 31CBFCBC20215BBF00071D87;
			productRefGroup = 31CBFCC620215BBF00071D87 /* Products */;
			projectDirPath = "";
			projectRoot = "";
			targets = (
				31CBFCC420215BBF00071D87 /* XYCharts */,
				31CBFCD820215BBF00071D87 /* XYChartsTests */,
				31CBFCE320215BBF00071D87 /* XYChartsUITests */,
			);
		};
/* End PBXProject section */

/* Begin PBXResourcesBuildPhase section */
		31CBFCC320215BBF00071D87 /* Resources */ = {
			isa = PBXResourcesBuildPhase;
			buildActionMask = 2147483647;
			files = (
				31CBFCD320215BBF00071D87 /* LaunchScreen.storyboard in Resources */,
				31CBFCD020215BBF00071D87 /* Assets.xcassets in Resources */,
				31CBFCCE20215BBF00071D87 /* Main.storyboard in Resources */,
			);
			runOnlyForDeploymentPostprocessing = 0;
		};
		31CBFCD720215BBF00071D87 /* Resources */ = {
			isa = PBXResourcesBuildPhase;
			buildActionMask = 2147483647;
			files = (
			);
			runOnlyForDeploymentPostprocessing = 0;
		};
		31CBFCE220215BBF00071D87 /* Resources */ = {
			isa = PBXResourcesBuildPhase;
			buildActionMask = 2147483647;
			files = (
			);
			runOnlyForDeploymentPostprocessing = 0;
		};
/* End PBXResourcesBuildPhase section */

/* Begin PBXShellScriptBuildPhase section */
		631509B02B1AF9077BB4BD12 /* [CP] Copy Pods Resources */ = {
			isa = PBXShellScriptBuildPhase;
			buildActionMask = 2147483647;
			files = (
			);
			inputPaths = (
			);
			name = "[CP] Copy Pods Resources";
			outputPaths = (
			);
			runOnlyForDeploymentPostprocessing = 0;
			shellPath = /bin/sh;
			shellScript = "\"${SRCROOT}/Pods/Target Support Files/Pods-XYCharts/Pods-XYCharts-resources.sh\"\n";
			showEnvVarsInLog = 0;
		};
		BF3A5A9CFE16C080771E3691 /* [CP] Check Pods Manifest.lock */ = {
			isa = PBXShellScriptBuildPhase;
			buildActionMask = 2147483647;
			files = (
			);
			inputPaths = (
				"${PODS_PODFILE_DIR_PATH}/Podfile.lock",
				"${PODS_ROOT}/Manifest.lock",
			);
			name = "[CP] Check Pods Manifest.lock";
			outputPaths = (
				"$(DERIVED_FILE_DIR)/Pods-XYCharts-checkManifestLockResult.txt",
			);
			runOnlyForDeploymentPostprocessing = 0;
			shellPath = /bin/sh;
			shellScript = "diff \"${PODS_PODFILE_DIR_PATH}/Podfile.lock\" \"${PODS_ROOT}/Manifest.lock\" > /dev/null\nif [ $? != 0 ] ; then\n    # print error to STDERR\n    echo \"error: The sandbox is not in sync with the Podfile.lock. Run 'pod install' or update your CocoaPods installation.\" >&2\n    exit 1\nfi\n# This output is used by Xcode 'outputs' to avoid re-running this script phase.\necho \"SUCCESS\" > \"${SCRIPT_OUTPUT_FILE_0}\"\n";
			showEnvVarsInLog = 0;
		};
		D807F96A4E6074F2192B8FBD /* [CP] Embed Pods Frameworks */ = {
			isa = PBXShellScriptBuildPhase;
			buildActionMask = 2147483647;
			files = (
			);
			inputPaths = (
				"${SRCROOT}/Pods/Target Support Files/Pods-XYCharts/Pods-XYCharts-frameworks.sh",
				"${BUILT_PRODUCTS_DIR}/Charts/Charts.framework",
			);
			name = "[CP] Embed Pods Frameworks";
			outputPaths = (
				"${TARGET_BUILD_DIR}/${FRAMEWORKS_FOLDER_PATH}/Charts.framework",
			);
			runOnlyForDeploymentPostprocessing = 0;
			shellPath = /bin/sh;
			shellScript = "\"${SRCROOT}/Pods/Target Support Files/Pods-XYCharts/Pods-XYCharts-frameworks.sh\"\n";
			showEnvVarsInLog = 0;
		};
/* End PBXShellScriptBuildPhase section */

/* Begin PBXSourcesBuildPhase section */
		31CBFCC120215BBF00071D87 /* Sources */ = {
			isa = PBXSourcesBuildPhase;
			buildActionMask = 2147483647;
			files = (
				31CBFCF72022AD7F00071D87 /* BaseProtocol.swift in Sources */,
				31CBFCCB20215BBF00071D87 /* ViewController.swift in Sources */,
				31CBFCC920215BBF00071D87 /* AppDelegate.swift in Sources */,
			);
			runOnlyForDeploymentPostprocessing = 0;
		};
		31CBFCD520215BBF00071D87 /* Sources */ = {
			isa = PBXSourcesBuildPhase;
			buildActionMask = 2147483647;
			files = (
				31CBFCDE20215BBF00071D87 /* XYChartsTests.swift in Sources */,
			);
			runOnlyForDeploymentPostprocessing = 0;
		};
		31CBFCE020215BBF00071D87 /* Sources */ = {
			isa = PBXSourcesBuildPhase;
			buildActionMask = 2147483647;
			files = (
				31CBFCE920215BBF00071D87 /* XYChartsUITests.swift in Sources */,
			);
			runOnlyForDeploymentPostprocessing = 0;
		};
/* End PBXSourcesBuildPhase section */

/* Begin PBXTargetDependency section */
		31CBFCDB20215BBF00071D87 /* PBXTargetDependency */ = {
			isa = PBXTargetDependency;
			target = 31CBFCC420215BBF00071D87 /* XYCharts */;
			targetProxy = 31CBFCDA20215BBF00071D87 /* PBXContainerItemProxy */;
		};
		31CBFCE620215BBF00071D87 /* PBXTargetDependency */ = {
			isa = PBXTargetDependency;
			target = 31CBFCC420215BBF00071D87 /* XYCharts */;
			targetProxy = 31CBFCE520215BBF00071D87 /* PBXContainerItemProxy */;
		};
/* End PBXTargetDependency section */

/* Begin PBXVariantGroup section */
		31CBFCCC20215BBF00071D87 /* Main.storyboard */ = {
			isa = PBXVariantGroup;
			children = (
				31CBFCCD20215BBF00071D87 /* Base */,
			);
			name = Main.storyboard;
			sourceTree = "<group>";
		};
		31CBFCD120215BBF00071D87 /* LaunchScreen.storyboard */ = {
			isa = PBXVariantGroup;
			children = (
				31CBFCD220215BBF00071D87 /* Base */,
			);
			name = LaunchScreen.storyboard;
			sourceTree = "<group>";
		};
/* End PBXVariantGroup section */

/* Begin XCBuildConfiguration section */
		31CBFCEB20215BBF00071D87 /* Debug */ = {
			isa = XCBuildConfiguration;
			buildSettings = {
				ALWAYS_SEARCH_USER_PATHS = NO;
				CLANG_ANALYZER_NONNULL = YES;
				CLANG_ANALYZER_NUMBER_OBJECT_CONVERSION = YES_AGGRESSIVE;
				CLANG_CXX_LANGUAGE_STANDARD = "gnu++14";
				CLANG_CXX_LIBRARY = "libc++";
				CLANG_ENABLE_MODULES = YES;
				CLANG_ENABLE_OBJC_ARC = YES;
				CLANG_WARN_BLOCK_CAPTURE_AUTORELEASING = YES;
				CLANG_WARN_BOOL_CONVERSION = YES;
				CLANG_WARN_COMMA = YES;
				CLANG_WARN_CONSTANT_CONVERSION = YES;
				CLANG_WARN_DIRECT_OBJC_ISA_USAGE = YES_ERROR;
				CLANG_WARN_DOCUMENTATION_COMMENTS = YES;
				CLANG_WARN_EMPTY_BODY = YES;
				CLANG_WARN_ENUM_CONVERSION = YES;
				CLANG_WARN_INFINITE_RECURSION = YES;
				CLANG_WARN_INT_CONVERSION = YES;
				CLANG_WARN_NON_LITERAL_NULL_CONVERSION = YES;
				CLANG_WARN_OBJC_LITERAL_CONVERSION = YES;
				CLANG_WARN_OBJC_ROOT_CLASS = YES_ERROR;
				CLANG_WARN_RANGE_LOOP_ANALYSIS = YES;
				CLANG_WARN_STRICT_PROTOTYPES = YES;
				CLANG_WARN_SUSPICIOUS_MOVE = YES;
				CLANG_WARN_UNGUARDED_AVAILABILITY = YES_AGGRESSIVE;
				CLANG_WARN_UNREACHABLE_CODE = YES;
				CLANG_WARN__DUPLICATE_METHOD_MATCH = YES;
				CODE_SIGN_IDENTITY = "iPhone Developer";
				COPY_PHASE_STRIP = NO;
				DEBUG_INFORMATION_FORMAT = dwarf;
				ENABLE_STRICT_OBJC_MSGSEND = YES;
				ENABLE_TESTABILITY = YES;
				GCC_C_LANGUAGE_STANDARD = gnu11;
				GCC_DYNAMIC_NO_PIC = NO;
				GCC_NO_COMMON_BLOCKS = YES;
				GCC_OPTIMIZATION_LEVEL = 0;
				GCC_PREPROCESSOR_DEFINITIONS = (
					"DEBUG=1",
					"$(inherited)",
				);
				GCC_WARN_64_TO_32_BIT_CONVERSION = YES;
				GCC_WARN_ABOUT_RETURN_TYPE = YES_ERROR;
				GCC_WARN_UNDECLARED_SELECTOR = YES;
				GCC_WARN_UNINITIALIZED_AUTOS = YES_AGGRESSIVE;
				GCC_WARN_UNUSED_FUNCTION = YES;
				GCC_WARN_UNUSED_VARIABLE = YES;
				IPHONEOS_DEPLOYMENT_TARGET = 11.2;
				MTL_ENABLE_DEBUG_INFO = YES;
				ONLY_ACTIVE_ARCH = YES;
				SDKROOT = iphoneos;
				SWIFT_ACTIVE_COMPILATION_CONDITIONS = DEBUG;
				SWIFT_OPTIMIZATION_LEVEL = "-Onone";
			};
			name = Debug;
		};
		31CBFCEC20215BBF00071D87 /* Release */ = {
			isa = XCBuildConfiguration;
			buildSettings = {
				ALWAYS_SEARCH_USER_PATHS = NO;
				CLANG_ANALYZER_NONNULL = YES;
				CLANG_ANALYZER_NUMBER_OBJECT_CONVERSION = YES_AGGRESSIVE;
				CLANG_CXX_LANGUAGE_STANDARD = "gnu++14";
				CLANG_CXX_LIBRARY = "libc++";
				CLANG_ENABLE_MODULES = YES;
				CLANG_ENABLE_OBJC_ARC = YES;
				CLANG_WARN_BLOCK_CAPTURE_AUTORELEASING = YES;
				CLANG_WARN_BOOL_CONVERSION = YES;
				CLANG_WARN_COMMA = YES;
				CLANG_WARN_CONSTANT_CONVERSION = YES;
				CLANG_WARN_DIRECT_OBJC_ISA_USAGE = YES_ERROR;
				CLANG_WARN_DOCUMENTATION_COMMENTS = YES;
				CLANG_WARN_EMPTY_BODY = YES;
				CLANG_WARN_ENUM_CONVERSION = YES;
				CLANG_WARN_INFINITE_RECURSION = YES;
				CLANG_WARN_INT_CONVERSION = YES;
				CLANG_WARN_NON_LITERAL_NULL_CONVERSION = YES;
				CLANG_WARN_OBJC_LITERAL_CONVERSION = YES;
				CLANG_WARN_OBJC_ROOT_CLASS = YES_ERROR;
				CLANG_WARN_RANGE_LOOP_ANALYSIS = YES;
				CLANG_WARN_STRICT_PROTOTYPES = YES;
				CLANG_WARN_SUSPICIOUS_MOVE = YES;
				CLANG_WARN_UNGUARDED_AVAILABILITY = YES_AGGRESSIVE;
				CLANG_WARN_UNREACHABLE_CODE = YES;
				CLANG_WARN__DUPLICATE_METHOD_MATCH = YES;
				CODE_SIGN_IDENTITY = "iPhone Developer";
				COPY_PHASE_STRIP = NO;
				DEBUG_INFORMATION_FORMAT = "dwarf-with-dsym";
				ENABLE_NS_ASSERTIONS = NO;
				ENABLE_STRICT_OBJC_MSGSEND = YES;
				GCC_C_LANGUAGE_STANDARD = gnu11;
				GCC_NO_COMMON_BLOCKS = YES;
				GCC_WARN_64_TO_32_BIT_CONVERSION = YES;
				GCC_WARN_ABOUT_RETURN_TYPE = YES_ERROR;
				GCC_WARN_UNDECLARED_SELECTOR = YES;
				GCC_WARN_UNINITIALIZED_AUTOS = YES_AGGRESSIVE;
				GCC_WARN_UNUSED_FUNCTION = YES;
				GCC_WARN_UNUSED_VARIABLE = YES;
				IPHONEOS_DEPLOYMENT_TARGET = 11.2;
				MTL_ENABLE_DEBUG_INFO = NO;
				SDKROOT = iphoneos;
				SWIFT_OPTIMIZATION_LEVEL = "-Owholemodule";
				VALIDATE_PRODUCT = YES;
			};
			name = Release;
		};
		31CBFCEE20215BBF00071D87 /* Debug */ = {
			isa = XCBuildConfiguration;
			baseConfigurationReference = A59E6BF2E7F5ADBB00C418D5 /* Pods-XYCharts.debug.xcconfig */;
			buildSettings = {
				ASSETCATALOG_COMPILER_APPICON_NAME = AppIcon;
				CODE_SIGN_STYLE = Automatic;
				DEVELOPMENT_TEAM = ZT27N77L73;
				INFOPLIST_FILE = XYCharts/Info.plist;
				IPHONEOS_DEPLOYMENT_TARGET = 9.0;
				LD_RUNPATH_SEARCH_PATHS = "$(inherited) @executable_path/Frameworks";
				PRODUCT_BUNDLE_IDENTIFIER = lanou.XYCharts;
				PRODUCT_NAME = "$(TARGET_NAME)";
				SWIFT_VERSION = 4.0;
				TARGETED_DEVICE_FAMILY = "1,2";
			};
			name = Debug;
		};
		31CBFCEF20215BBF00071D87 /* Release */ = {
			isa = XCBuildConfiguration;
			baseConfigurationReference = 4CFB3A82C9ABB514FB6B3497 /* Pods-XYCharts.release.xcconfig */;
			buildSettings = {
				ASSETCATALOG_COMPILER_APPICON_NAME = AppIcon;
				CODE_SIGN_STYLE = Automatic;
				DEVELOPMENT_TEAM = ZT27N77L73;
				INFOPLIST_FILE = XYCharts/Info.plist;
				IPHONEOS_DEPLOYMENT_TARGET = 9.0;
				LD_RUNPATH_SEARCH_PATHS = "$(inherited) @executable_path/Frameworks";
				PRODUCT_BUNDLE_IDENTIFIER = lanou.XYCharts;
				PRODUCT_NAME = "$(TARGET_NAME)";
				SWIFT_VERSION = 4.0;
				TARGETED_DEVICE_FAMILY = "1,2";
			};
			name = Release;
		};
		31CBFCF120215BBF00071D87 /* Debug */ = {
			isa = XCBuildConfiguration;
			buildSettings = {
				ALWAYS_EMBED_SWIFT_STANDARD_LIBRARIES = YES;
				BUNDLE_LOADER = "$(TEST_HOST)";
				CODE_SIGN_STYLE = Automatic;
				INFOPLIST_FILE = XYChartsTests/Info.plist;
				LD_RUNPATH_SEARCH_PATHS = "$(inherited) @executable_path/Frameworks @loader_path/Frameworks";
				PRODUCT_BUNDLE_IDENTIFIER = lanou.XYChartsTests;
				PRODUCT_NAME = "$(TARGET_NAME)";
				SWIFT_VERSION = 4.0;
				TARGETED_DEVICE_FAMILY = "1,2";
				TEST_HOST = "$(BUILT_PRODUCTS_DIR)/XYCharts.app/XYCharts";
			};
			name = Debug;
		};
		31CBFCF220215BBF00071D87 /* Release */ = {
			isa = XCBuildConfiguration;
			buildSettings = {
				ALWAYS_EMBED_SWIFT_STANDARD_LIBRARIES = YES;
				BUNDLE_LOADER = "$(TEST_HOST)";
				CODE_SIGN_STYLE = Automatic;
				INFOPLIST_FILE = XYChartsTests/Info.plist;
				LD_RUNPATH_SEARCH_PATHS = "$(inherited) @executable_path/Frameworks @loader_path/Frameworks";
				PRODUCT_BUNDLE_IDENTIFIER = lanou.XYChartsTests;
				PRODUCT_NAME = "$(TARGET_NAME)";
				SWIFT_VERSION = 4.0;
				TARGETED_DEVICE_FAMILY = "1,2";
				TEST_HOST = "$(BUILT_PRODUCTS_DIR)/XYCharts.app/XYCharts";
			};
			name = Release;
		};
		31CBFCF420215BBF00071D87 /* Debug */ = {
			isa = XCBuildConfiguration;
			buildSettings = {
				ALWAYS_EMBED_SWIFT_STANDARD_LIBRARIES = YES;
				CODE_SIGN_STYLE = Automatic;
				INFOPLIST_FILE = XYChartsUITests/Info.plist;
				LD_RUNPATH_SEARCH_PATHS = "$(inherited) @executable_path/Frameworks @loader_path/Frameworks";
				PRODUCT_BUNDLE_IDENTIFIER = lanou.XYChartsUITests;
				PRODUCT_NAME = "$(TARGET_NAME)";
				SWIFT_VERSION = 4.0;
				TARGETED_DEVICE_FAMILY = "1,2";
				TEST_TARGET_NAME = XYCharts;
			};
			name = Debug;
		};
		31CBFCF520215BBF00071D87 /* Release */ = {
			isa = XCBuildConfiguration;
			buildSettings = {
				ALWAYS_EMBED_SWIFT_STANDARD_LIBRARIES = YES;
				CODE_SIGN_STYLE = Automatic;
				INFOPLIST_FILE = XYChartsUITests/Info.plist;
				LD_RUNPATH_SEARCH_PATHS = "$(inherited) @executable_path/Frameworks @loader_path/Frameworks";
				PRODUCT_BUNDLE_IDENTIFIER = lanou.XYChartsUITests;
				PRODUCT_NAME = "$(TARGET_NAME)";
				SWIFT_VERSION = 4.0;
				TARGETED_DEVICE_FAMILY = "1,2";
				TEST_TARGET_NAME = XYCharts;
			};
			name = Release;
		};
/* End XCBuildConfiguration section */

/* Begin XCConfigurationList section */
		31CBFCC020215BBF00071D87 /* Build configuration list for PBXProject "XYCharts" */ = {
			isa = XCConfigurationList;
			buildConfigurations = (
				31CBFCEB20215BBF00071D87 /* Debug */,
				31CBFCEC20215BBF00071D87 /* Release */,
			);
			defaultConfigurationIsVisible = 0;
			defaultConfigurationName = Release;
		};
		31CBFCED20215BBF00071D87 /* Build configuration list for PBXNativeTarget "XYCharts" */ = {
			isa = XCConfigurationList;
			buildConfigurations = (
				31CBFCEE20215BBF00071D87 /* Debug */,
				31CBFCEF20215BBF00071D87 /* Release */,
			);
			defaultConfigurationIsVisible = 0;
			defaultConfigurationName = Release;
		};
		31CBFCF020215BBF00071D87 /* Build configuration list for PBXNativeTarget "XYChartsTests" */ = {
			isa = XCConfigurationList;
			buildConfigurations = (
				31CBFCF120215BBF00071D87 /* Debug */,
				31CBFCF220215BBF00071D87 /* Release */,
			);
			defaultConfigurationIsVisible = 0;
			defaultConfigurationName = Release;
		};
		31CBFCF320215BBF00071D87 /* Build configuration list for PBXNativeTarget "XYChartsUITests" */ = {
			isa = XCConfigurationList;
			buildConfigurations = (
				31CBFCF420215BBF00071D87 /* Debug */,
				31CBFCF520215BBF00071D87 /* Release */,
			);
			defaultConfigurationIsVisible = 0;
			defaultConfigurationName = Release;
		};
/* End XCConfigurationList section */
	};
	rootObject = 31CBFCBD20215BBF00071D87 /* Project object */;
}
